
Microsoft Visual Studio Solution File, Format Version 12.00
# Visual Studio Version 16
VisualStudioVersion = 16.0.31313.79
MinimumVisualStudioVersion = 10.0.40219.1
Project("{FAE04EC0-301F-11D3-BF4B-00C04F79EFBC}") = "Assessment1CShaprFoundation", "Assessment1CShaprFoundation\Assessment1CShaprFoundation.csproj", "{187C9731-BB4E-43F1-B255-A4120306274C}"
EndProject
Global
	GlobalSection(SolutionConfigurationPlatforms) = preSolution
		Debug|Any CPU = Debug|Any CPU
		Release|Any CPU = Release|Any CPU
	EndGlobalSection
	GlobalSection(ProjectConfigurationPlatforms) = postSolution
		{187C9731-BB4E-43F1-B255-A4120306274C}.Debug|Any CPU.ActiveCfg = Debug|Any CPU
		{187C9731-BB4E-43F1-B255-A4120306274C}.Debug|Any CPU.Build.0 = Debug|Any CPU
		{187C9731-BB4E-43F1-B255-A4120306274C}.Release|Any CPU.ActiveCfg = Release|Any CPU
		{187C9731-BB4E-43F1-B255-A4120306274C}.Release|Any CPU.Build.0 = Release|Any CPU
	EndGlobalSection
	GlobalSection(SolutionProperties) = preSolution
		HideSolutionNode = FALSE
	EndGlobalSection
	GlobalSection(ExtensibilityGlobals) = postSolution
		SolutionGuid = {B2077AF7-7B15-4BF1-9B23-4AD39334AF1A}
	EndGlobalSection
EndGlobal
